
Microsoft Visual Studio Solution File, Format Version 12.00
# Visual Studio Version 17
VisualStudioVersion = 17.14.36203.30 d17.14
MinimumVisualStudioVersion = 10.0.40219.1
Project("{FAE04EC0-301F-11D3-BF4B-00C04F79EFBC}") = "BusinessDashboardSaaS", "BusinessDashboardSaaS\BusinessDashboardSaaS.csproj", "{6474E722-0043-4734-BD72-3DC49A655476}"
EndProject
Global
	GlobalSection(SolutionConfigurationPlatforms) = preSolution
		Debug|Any CPU = Debug|Any CPU
		Release|Any CPU = Release|Any CPU
	EndGlobalSection
	GlobalSection(ProjectConfigurationPlatforms) = postSolution
		{6474E722-0043-4734-BD72-3DC49A655476}.Debug|Any CPU.ActiveCfg = Debug|Any CPU
		{6474E722-0043-4734-BD72-3DC49A655476}.Debug|Any CPU.Build.0 = Debug|Any CPU
		{6474E722-0043-4734-BD72-3DC49A655476}.Release|Any CPU.ActiveCfg = Release|Any CPU
		{6474E722-0043-4734-BD72-3DC49A655476}.Release|Any CPU.Build.0 = Release|Any CPU
	EndGlobalSection
	GlobalSection(SolutionProperties) = preSolution
		HideSolutionNode = FALSE
	EndGlobalSection
	GlobalSection(ExtensibilityGlobals) = postSolution
		SolutionGuid = {62967594-2489-41EE-8885-75DED8AFCF0E}
	EndGlobalSection
EndGlobal
